
Microsoft Visual Studio Solution File, Format Version 12.00
# Visual Studio Version 17
VisualStudioVersion = 17.9.34701.34
MinimumVisualStudioVersion = 10.0.40219.1
Project("{9A19103F-16F7-4668-BE54-9A1E7A4F7556}") = "TaskManager.Api", "TaskManager.Api\TaskManager.Api.csproj", "{146C3FA1-AFF7-4EEF-A923-094C286E5F29}"
EndProject
Project("{9A19103F-16F7-4668-BE54-9A1E7A4F7556}") = "TaskManager.Common.Models", "TaskManager.Common.Models\TaskManager.Common.Models.csproj", "{1A82B44F-C49B-4547-9F4C-F04FD611D7A5}"
EndProject
Project("{9A19103F-16F7-4668-BE54-9A1E7A4F7556}") = "TaskManager.Client", "TaskManager.Client\TaskManager.Client.csproj", "{AB6C5A69-A948-4B4F-899C-DDF2DB151222}"
EndProject
Project("{FAE04EC0-301F-11D3-BF4B-00C04F79EFBC}") = "TaskManager.ClientTests", "TaskManager.ClientTests\TaskManager.ClientTests.csproj", "{7F278FD0-9255-4528-AB21-E980CB245E6D}"
EndProject
Global
	GlobalSection(SolutionConfigurationPlatforms) = preSolution
		Debug|Any CPU = Debug|Any CPU
		Release|Any CPU = Release|Any CPU
	EndGlobalSection
	GlobalSection(ProjectConfigurationPlatforms) = postSolution
		{146C3FA1-AFF7-4EEF-A923-094C286E5F29}.Debug|Any CPU.ActiveCfg = Debug|Any CPU
		{146C3FA1-AFF7-4EEF-A923-094C286E5F29}.Debug|Any CPU.Build.0 = Debug|Any CPU
		{146C3FA1-AFF7-4EEF-A923-094C286E5F29}.Release|Any CPU.ActiveCfg = Release|Any CPU
		{146C3FA1-AFF7-4EEF-A923-094C286E5F29}.Release|Any CPU.Build.0 = Release|Any CPU
		{1A82B44F-C49B-4547-9F4C-F04FD611D7A5}.Debug|Any CPU.ActiveCfg = Debug|Any CPU
		{1A82B44F-C49B-4547-9F4C-F04FD611D7A5}.Debug|Any CPU.Build.0 = Debug|Any CPU
		{1A82B44F-C49B-4547-9F4C-F04FD611D7A5}.Release|Any CPU.ActiveCfg = Release|Any CPU
		{1A82B44F-C49B-4547-9F4C-F04FD611D7A5}.Release|Any CPU.Build.0 = Release|Any CPU
		{AB6C5A69-A948-4B4F-899C-DDF2DB151222}.Debug|Any CPU.ActiveCfg = Debug|Any CPU
		{AB6C5A69-A948-4B4F-899C-DDF2DB151222}.Debug|Any CPU.Build.0 = Debug|Any CPU
		{AB6C5A69-A948-4B4F-899C-DDF2DB151222}.Release|Any CPU.ActiveCfg = Release|Any CPU
		{AB6C5A69-A948-4B4F-899C-DDF2DB151222}.Release|Any CPU.Build.0 = Release|Any CPU
		{7F278FD0-9255-4528-AB21-E980CB245E6D}.Debug|Any CPU.ActiveCfg = Debug|Any CPU
		{7F278FD0-9255-4528-AB21-E980CB245E6D}.Debug|Any CPU.Build.0 = Debug|Any CPU
		{7F278FD0-9255-4528-AB21-E980CB245E6D}.Release|Any CPU.ActiveCfg = Release|Any CPU
		{7F278FD0-9255-4528-AB21-E980CB245E6D}.Release|Any CPU.Build.0 = Release|Any CPU
	EndGlobalSection
	GlobalSection(SolutionProperties) = preSolution
		HideSolutionNode = FALSE
	EndGlobalSection
	GlobalSection(ExtensibilityGlobals) = postSolution
		SolutionGuid = {998E1E5D-6462-4AD4-B4E6-02B2D16F3CBE}
	EndGlobalSection
EndGlobal
